
Microsoft Visual Studio Solution File, Format Version 12.00
# Visual Studio 15
VisualStudioVersion = 15.0.27130.2024
MinimumVisualStudioVersion = 10.0.40219.1
Project("{FAE04EC0-301F-11D3-BF4B-00C04F79EFBC}") = "BonusLab1", "BonusLab1\BonusLab1.csproj", "{3093467D-91A9-4131-A9F3-D60B97EE2024}"
EndProject
Global
	GlobalSection(SolutionConfigurationPlatforms) = preSolution
		Debug|Any CPU = Debug|Any CPU
		Release|Any CPU = Release|Any CPU
	EndGlobalSection
	GlobalSection(ProjectConfigurationPlatforms) = postSolution
		{3093467D-91A9-4131-A9F3-D60B97EE2024}.Debug|Any CPU.ActiveCfg = Debug|Any CPU
		{3093467D-91A9-4131-A9F3-D60B97EE2024}.Debug|Any CPU.Build.0 = Debug|Any CPU
		{3093467D-91A9-4131-A9F3-D60B97EE2024}.Release|Any CPU.ActiveCfg = Release|Any CPU
		{3093467D-91A9-4131-A9F3-D60B97EE2024}.Release|Any CPU.Build.0 = Release|Any CPU
	EndGlobalSection
	GlobalSection(SolutionProperties) = preSolution
		HideSolutionNode = FALSE
	EndGlobalSection
	GlobalSection(ExtensibilityGlobals) = postSolution
		SolutionGuid = {A3C569EE-7180-4BB6-9791-7BE6A0D7B984}
	EndGlobalSection
EndGlobal
